// !$*UTF8*$!
{
	archiveVersion = 1;
	classes = {
	};
	objectVersion = 50;
	objects = {

/* Begin PBXBuildFile section */
		FA0D7048269B8F520085638E /* ShapeExample.swift in Sources */ = {isa = PBXBuildFile; fileRef = FA0D7047269B8F520085638E /* ShapeExample.swift */; };
		FA78A0032692304A006A3048 /* BullseyeApp.swift in Sources */ = {isa = PBXBuildFile; fileRef = FA78A0022692304A006A3048 /* BullseyeApp.swift */; };
		FA78A0052692304A006A3048 /* ContentView.swift in Sources */ = {isa = PBXBuildFile; fileRef = FA78A0042692304A006A3048 /* ContentView.swift */; };
		FA78A0072692304C006A3048 /* Assets.xcassets in Resources */ = {isa = PBXBuildFile; fileRef = FA78A0062692304C006A3048 /* Assets.xcassets */; };
		FA78A00A2692304C006A3048 /* Preview Assets.xcassets in Resources */ = {isa = PBXBuildFile; fileRef = FA78A0092692304C006A3048 /* Preview Assets.xcassets */; };
		FA78A0152692304C006A3048 /* BullseyeTests.swift in Sources */ = {isa = PBXBuildFile; fileRef = FA78A0142692304C006A3048 /* BullseyeTests.swift */; };
		FA78A0202692304C006A3048 /* BullseyeUITests.swift in Sources */ = {isa = PBXBuildFile; fileRef = FA78A01F2692304C006A3048 /* BullseyeUITests.swift */; };
		FA78A054269232E3006A3048 /* Game.swift in Sources */ = {isa = PBXBuildFile; fileRef = FA78A053269232E3006A3048 /* Game.swift */; };
		FA78A065269236DD006A3048 /* BullseyeTests2.swift in Sources */ = {isa = PBXBuildFile; fileRef = FA78A064269236DD006A3048 /* BullseyeTests2.swift */; };
		FAA3FB2C269BA6B10099553F /* RoundView.swift in Sources */ = {isa = PBXBuildFile; fileRef = FAA3FB2B269BA6B10099553F /* RoundView.swift */; };
		FAA3FB32269BB39B0099553F /* BackgroundView.swift in Sources */ = {isa = PBXBuildFile; fileRef = FAA3FB31269BB39B0099553F /* BackgroundView.swift */; };
		FAD2694A2697FD320058E473 /* TextViews.swift in Sources */ = {isa = PBXBuildFile; fileRef = FAD269492697FD320058E473 /* TextViews.swift */; };
/* End PBXBuildFile section */

/* Begin PBXContainerItemProxy section */
		FA78A0112692304C006A3048 /* PBXContainerItemProxy */ = {
			isa = PBXContainerItemProxy;
			containerPortal = FA789FF726923049006A3048 /* Project object */;
			proxyType = 1;
			remoteGlobalIDString = FA789FFE2692304A006A3048;
			remoteInfo = Bullseye;
		};
		FA78A01C2692304C006A3048 /* PBXContainerItemProxy */ = {
			isa = PBXContainerItemProxy;
			containerPortal = FA789FF726923049006A3048 /* Project object */;
			proxyType = 1;
			remoteGlobalIDString = FA789FFE2692304A006A3048;
			remoteInfo = Bullseye;
		};
		FA78A067269236DD006A3048 /* PBXContainerItemProxy */ = {
			isa = PBXContainerItemProxy;
			containerPortal = FA789FF726923049006A3048 /* Project object */;
			proxyType = 1;
			remoteGlobalIDString = FA789FFE2692304A006A3048;
			remoteInfo = Bullseye;
		};
/* End PBXContainerItemProxy section */

/* Begin PBXFileReference section */
		FA0D7047269B8F520085638E /* ShapeExample.swift */ = {isa = PBXFileReference; lastKnownFileType = sourcecode.swift; path = ShapeExample.swift; sourceTree = "<group>"; };
		FA789FFF2692304A006A3048 /* Bullseye.app */ = {isa = PBXFileReference; explicitFileType = wrapper.application; includeInIndex = 0; path = Bullseye.app; sourceTree = BUILT_PRODUCTS_DIR; };
		FA78A0022692304A006A3048 /* BullseyeApp.swift */ = {isa = PBXFileReference; lastKnownFileType = sourcecode.swift; path = BullseyeApp.swift; sourceTree = "<group>"; };
		FA78A0042692304A006A3048 /* ContentView.swift */ = {isa = PBXFileReference; lastKnownFileType = sourcecode.swift; path = ContentView.swift; sourceTree = "<group>"; };
		FA78A0062692304C006A3048 /* Assets.xcassets */ = {isa = PBXFileReference; lastKnownFileType = folder.assetcatalog; path = Assets.xcassets; sourceTree = "<group>"; };
		FA78A0092692304C006A3048 /* Preview Assets.xcassets */ = {isa = PBXFileReference; lastKnownFileType = folder.assetcatalog; path = "Preview Assets.xcassets"; sourceTree = "<group>"; };
		FA78A00B2692304C006A3048 /* Info.plist */ = {isa = PBXFileReference; lastKnownFileType = text.plist.xml; path = Info.plist; sourceTree = "<group>"; };
		FA78A0102692304C006A3048 /* BullseyeTests.xctest */ = {isa = PBXFileReference; explicitFileType = wrapper.cfbundle; includeInIndex = 0; path = BullseyeTests.xctest; sourceTree = BUILT_PRODUCTS_DIR; };
		FA78A0142692304C006A3048 /* BullseyeTests.swift */ = {isa = PBXFileReference; lastKnownFileType = sourcecode.swift; path = BullseyeTests.swift; sourceTree = "<group>"; };
		FA78A0162692304C006A3048 /* Info.plist */ = {isa = PBXFileReference; lastKnownFileType = text.plist.xml; path = Info.plist; sourceTree = "<group>"; };
		FA78A01B2692304C006A3048 /* BullseyeUITests.xctest */ = {isa = PBXFileReference; explicitFileType = wrapper.cfbundle; includeInIndex = 0; path = BullseyeUITests.xctest; sourceTree = BUILT_PRODUCTS_DIR; };
		FA78A01F2692304C006A3048 /* BullseyeUITests.swift */ = {isa = PBXFileReference; lastKnownFileType = sourcecode.swift; path = BullseyeUITests.swift; sourceTree = "<group>"; };
		FA78A0212692304C006A3048 /* Info.plist */ = {isa = PBXFileReference; lastKnownFileType = text.plist.xml; path = Info.plist; sourceTree = "<group>"; };
		FA78A053269232E3006A3048 /* Game.swift */ = {isa = PBXFileReference; lastKnownFileType = sourcecode.swift; path = Game.swift; sourceTree = "<group>"; };
		FA78A062269236DD006A3048 /* BullseyeTests2.xctest */ = {isa = PBXFileReference; explicitFileType = wrapper.cfbundle; includeInIndex = 0; path = BullseyeTests2.xctest; sourceTree = BUILT_PRODUCTS_DIR; };
		FA78A064269236DD006A3048 /* BullseyeTests2.swift */ = {isa = PBXFileReference; lastKnownFileType = sourcecode.swift; path = BullseyeTests2.swift; sourceTree = "<group>"; };
		FA78A066269236DD006A3048 /* Info.plist */ = {isa = PBXFileReference; lastKnownFileType = text.plist.xml; path = Info.plist; sourceTree = "<group>"; };
		FAA3FB2B269BA6B10099553F /* RoundView.swift */ = {isa = PBXFileReference; lastKnownFileType = sourcecode.swift; path = RoundView.swift; sourceTree = "<group>"; };
		FAA3FB31269BB39B0099553F /* BackgroundView.swift */ = {isa = PBXFileReference; lastKnownFileType = sourcecode.swift; path = BackgroundView.swift; sourceTree = "<group>"; };
		FAD269492697FD320058E473 /* TextViews.swift */ = {isa = PBXFileReference; lastKnownFileType = sourcecode.swift; path = TextViews.swift; sourceTree = "<group>"; };
/* End PBXFileReference section */

/* Begin PBXFrameworksBuildPhase section */
		FA789FFC2692304A006A3048 /* Frameworks */ = {
			isa = PBXFrameworksBuildPhase;
			buildActionMask = 2147483647;
			files = (
			);
			runOnlyForDeploymentPostprocessing = 0;
		};
		FA78A00D2692304C006A3048 /* Frameworks */ = {
			isa = PBXFrameworksBuildPhase;
			buildActionMask = 2147483647;
			files = (
			);
			runOnlyForDeploymentPostprocessing = 0;
		};
		FA78A0182692304C006A3048 /* Frameworks */ = {
			isa = PBXFrameworksBuildPhase;
			buildActionMask = 2147483647;
			files = (
			);
			runOnlyForDeploymentPostprocessing = 0;
		};
		FA78A05F269236DD006A3048 /* Frameworks */ = {
			isa = PBXFrameworksBuildPhase;
			buildActionMask = 2147483647;
			files = (
			);
			runOnlyForDeploymentPostprocessing = 0;
		};
/* End PBXFrameworksBuildPhase section */

/* Begin PBXGroup section */
		FA789FF626923049006A3048 = {
			isa = PBXGroup;
			children = (
				FA78A0012692304A006A3048 /* Bullseye */,
				FA78A0132692304C006A3048 /* BullseyeTests */,
				FA78A01E2692304C006A3048 /* BullseyeUITests */,
				FA78A063269236DD006A3048 /* BullseyeTests2 */,
				FA78A0002692304A006A3048 /* Products */,
			);
			sourceTree = "<group>";
		};
		FA78A0002692304A006A3048 /* Products */ = {
			isa = PBXGroup;
			children = (
				FA789FFF2692304A006A3048 /* Bullseye.app */,
				FA78A0102692304C006A3048 /* BullseyeTests.xctest */,
				FA78A01B2692304C006A3048 /* BullseyeUITests.xctest */,
				FA78A062269236DD006A3048 /* BullseyeTests2.xctest */,
			);
			name = Products;
			sourceTree = "<group>";
		};
		FA78A0012692304A006A3048 /* Bullseye */ = {
			isa = PBXGroup;
			children = (
				FA78A0502692328B006A3048 /* App */,
				FA78A05126923291006A3048 /* View */,
				FA78A0522692329B006A3048 /* Model */,
				FA78A0082692304C006A3048 /* Preview Content */,
			);
			path = Bullseye;
			sourceTree = "<group>";
		};
		FA78A0082692304C006A3048 /* Preview Content */ = {
			isa = PBXGroup;
			children = (
				FA78A0092692304C006A3048 /* Preview Assets.xcassets */,
			);
			path = "Preview Content";
			sourceTree = "<group>";
		};
		FA78A0132692304C006A3048 /* BullseyeTests */ = {
			isa = PBXGroup;
			children = (
				FA78A0142692304C006A3048 /* BullseyeTests.swift */,
				FA78A0162692304C006A3048 /* Info.plist */,
			);
			path = BullseyeTests;
			sourceTree = "<group>";
		};
		FA78A01E2692304C006A3048 /* BullseyeUITests */ = {
			isa = PBXGroup;
			children = (
				FA78A01F2692304C006A3048 /* BullseyeUITests.swift */,
				FA78A0212692304C006A3048 /* Info.plist */,
			);
			path = BullseyeUITests;
			sourceTree = "<group>";
		};
		FA78A0502692328B006A3048 /* App */ = {
			isa = PBXGroup;
			children = (
				FA78A0022692304A006A3048 /* BullseyeApp.swift */,
				FA78A0062692304C006A3048 /* Assets.xcassets */,
				FA78A00B2692304C006A3048 /* Info.plist */,
			);
			path = App;
			sourceTree = "<group>";
		};
		FA78A05126923291006A3048 /* View */ = {
			isa = PBXGroup;
			children = (
				FA78A0042692304A006A3048 /* ContentView.swift */,
				FAD269492697FD320058E473 /* TextViews.swift */,
				FA0D7047269B8F520085638E /* ShapeExample.swift */,
				FAA3FB2B269BA6B10099553F /* RoundView.swift */,
				FAA3FB31269BB39B0099553F /* BackgroundView.swift */,
			);
			path = View;
			sourceTree = "<group>";
		};
		FA78A0522692329B006A3048 /* Model */ = {
			isa = PBXGroup;
			children = (
				FA78A053269232E3006A3048 /* Game.swift */,
			);
			path = Model;
			sourceTree = "<group>";
		};
		FA78A063269236DD006A3048 /* BullseyeTests2 */ = {
			isa = PBXGroup;
			children = (
				FA78A064269236DD006A3048 /* BullseyeTests2.swift */,
				FA78A066269236DD006A3048 /* Info.plist */,
			);
			path = BullseyeTests2;
			sourceTree = "<group>";
		};
/* End PBXGroup section */

/* Begin PBXNativeTarget section */
		FA789FFE2692304A006A3048 /* Bullseye */ = {
			isa = PBXNativeTarget;
			buildConfigurationList = FA78A0242692304C006A3048 /* Build configuration list for PBXNativeTarget "Bullseye" */;
			buildPhases = (
				FA789FFB2692304A006A3048 /* Sources */,
				FA789FFC2692304A006A3048 /* Frameworks */,
				FA789FFD2692304A006A3048 /* Resources */,
			);
			buildRules = (
			);
			dependencies = (
			);
			name = Bullseye;
			productName = Bullseye;
			productReference = FA789FFF2692304A006A3048 /* Bullseye.app */;
			productType = "com.apple.product-type.application";
		};
		FA78A00F2692304C006A3048 /* BullseyeTests */ = {
			isa = PBXNativeTarget;
			buildConfigurationList = FA78A0272692304C006A3048 /* Build configuration list for PBXNativeTarget "BullseyeTests" */;
			buildPhases = (
				FA78A00C2692304C006A3048 /* Sources */,
				FA78A00D2692304C006A3048 /* Frameworks */,
				FA78A00E2692304C006A3048 /* Resources */,
			);
			buildRules = (
			);
			dependencies = (
				FA78A0122692304C006A3048 /* PBXTargetDependency */,
			);
			name = BullseyeTests;
			productName = BullseyeTests;
			productReference = FA78A0102692304C006A3048 /* BullseyeTests.xctest */;
			productType = "com.apple.product-type.bundle.unit-test";
		};
		FA78A01A2692304C006A3048 /* BullseyeUITests */ = {
			isa = PBXNativeTarget;
			buildConfigurationList = FA78A02A2692304C006A3048 /* Build configuration list for PBXNativeTarget "BullseyeUITests" */;
			buildPhases = (
				FA78A0172692304C006A3048 /* Sources */,
				FA78A0182692304C006A3048 /* Frameworks */,
				FA78A0192692304C006A3048 /* Resources */,
			);
			buildRules = (
			);
			dependencies = (
				FA78A01D2692304C006A3048 /* PBXTargetDependency */,
			);
			name = BullseyeUITests;
			productName = BullseyeUITests;
			productReference = FA78A01B2692304C006A3048 /* BullseyeUITests.xctest */;
			productType = "com.apple.product-type.bundle.ui-testing";
		};
		FA78A061269236DD006A3048 /* BullseyeTests2 */ = {
			isa = PBXNativeTarget;
			buildConfigurationList = FA78A069269236DD006A3048 /* Build configuration list for PBXNativeTarget "BullseyeTests2" */;
			buildPhases = (
				FA78A05E269236DD006A3048 /* Sources */,
				FA78A05F269236DD006A3048 /* Frameworks */,
				FA78A060269236DD006A3048 /* Resources */,
			);
			buildRules = (
			);
			dependencies = (
				FA78A068269236DD006A3048 /* PBXTargetDependency */,
			);
			name = BullseyeTests2;
			productName = BullseyeTests2;
			productReference = FA78A062269236DD006A3048 /* BullseyeTests2.xctest */;
			productType = "com.apple.product-type.bundle.unit-test";
		};
/* End PBXNativeTarget section */

/* Begin PBXProject section */
		FA789FF726923049006A3048 /* Project object */ = {
			isa = PBXProject;
			attributes = {
				LastSwiftUpdateCheck = 1200;
				LastUpgradeCheck = 1200;
				TargetAttributes = {
					FA789FFE2692304A006A3048 = {
						CreatedOnToolsVersion = 12.0.1;
					};
					FA78A00F2692304C006A3048 = {
						CreatedOnToolsVersion = 12.0.1;
						TestTargetID = FA789FFE2692304A006A3048;
					};
					FA78A01A2692304C006A3048 = {
						CreatedOnToolsVersion = 12.0.1;
						TestTargetID = FA789FFE2692304A006A3048;
					};
					FA78A061269236DD006A3048 = {
						CreatedOnToolsVersion = 12.0.1;
						TestTargetID = FA789FFE2692304A006A3048;
					};
				};
			};
			buildConfigurationList = FA789FFA26923049006A3048 /* Build configuration list for PBXProject "Bullseye" */;
			compatibilityVersion = "Xcode 9.3";
			developmentRegion = en;
			hasScannedForEncodings = 0;
			knownRegions = (
				en,
				Base,
			);
			mainGroup = FA789FF626923049006A3048;
			productRefGroup = FA78A0002692304A006A3048 /* Products */;
			projectDirPath = "";
			projectRoot = "";
			targets = (
				FA789FFE2692304A006A3048 /* Bullseye */,
				FA78A00F2692304C006A3048 /* BullseyeTests */,
				FA78A01A2692304C006A3048 /* BullseyeUITests */,
				FA78A061269236DD006A3048 /* BullseyeTests2 */,
			);
		};
/* End PBXProject section */

/* Begin PBXResourcesBuildPhase section */
		FA789FFD2692304A006A3048 /* Resources */ = {
			isa = PBXResourcesBuildPhase;
			buildActionMask = 2147483647;
			files = (
				FA78A00A2692304C006A3048 /* Preview Assets.xcassets in Resources */,
				FA78A0072692304C006A3048 /* Assets.xcassets in Resources */,
			);
			runOnlyForDeploymentPostprocessing = 0;
		};
		FA78A00E2692304C006A3048 /* Resources */ = {
			isa = PBXResourcesBuildPhase;
			buildActionMask = 2147483647;
			files = (
			);
			runOnlyForDeploymentPostprocessing = 0;
		};
		FA78A0192692304C006A3048 /* Resources */ = {
			isa = PBXResourcesBuildPhase;
			buildActionMask = 2147483647;
			files = (
			);
			runOnlyForDeploymentPostprocessing = 0;
		};
		FA78A060269236DD006A3048 /* Resources */ = {
			isa = PBXResourcesBuildPhase;
			buildActionMask = 2147483647;
			files = (
			);
			runOnlyForDeploymentPostprocessing = 0;
		};
/* End PBXResourcesBuildPhase section */

/* Begin PBXSourcesBuildPhase section */
		FA789FFB2692304A006A3048 /* Sources */ = {
			isa = PBXSourcesBuildPhase;
			buildActionMask = 2147483647;
			files = (
				FA78A0052692304A006A3048 /* ContentView.swift in Sources */,
				FAA3FB2C269BA6B10099553F /* RoundView.swift in Sources */,
				FAD2694A2697FD320058E473 /* TextViews.swift in Sources */,
				FAA3FB32269BB39B0099553F /* BackgroundView.swift in Sources */,
				FA0D7048269B8F520085638E /* ShapeExample.swift in Sources */,
				FA78A054269232E3006A3048 /* Game.swift in Sources */,
				FA78A0032692304A006A3048 /* BullseyeApp.swift in Sources */,
			);
			runOnlyForDeploymentPostprocessing = 0;
		};
		FA78A00C2692304C006A3048 /* Sources */ = {
			isa = PBXSourcesBuildPhase;
			buildActionMask = 2147483647;
			files = (
				FA78A0152692304C006A3048 /* BullseyeTests.swift in Sources */,
			);
			runOnlyForDeploymentPostprocessing = 0;
		};
		FA78A0172692304C006A3048 /* Sources */ = {
			isa = PBXSourcesBuildPhase;
			buildActionMask = 2147483647;
			files = (
				FA78A0202692304C006A3048 /* BullseyeUITests.swift in Sources */,
			);
			runOnlyForDeploymentPostprocessing = 0;
		};
		FA78A05E269236DD006A3048 /* Sources */ = {
			isa = PBXSourcesBuildPhase;
			buildActionMask = 2147483647;
			files = (
				FA78A065269236DD006A3048 /* BullseyeTests2.swift in Sources */,
			);
			runOnlyForDeploymentPostprocessing = 0;
		};
/* End PBXSourcesBuildPhase section */

/* Begin PBXTargetDependency section */
		FA78A0122692304C006A3048 /* PBXTargetDependency */ = {
			isa = PBXTargetDependency;
			target = FA789FFE2692304A006A3048 /* Bullseye */;
			targetProxy = FA78A0112692304C006A3048 /* PBXContainerItemProxy */;
		};
		FA78A01D2692304C006A3048 /* PBXTargetDependency */ = {
			isa = PBXTargetDependency;
			target = FA789FFE2692304A006A3048 /* Bullseye */;
			targetProxy = FA78A01C2692304C006A3048 /* PBXContainerItemProxy */;
		};
		FA78A068269236DD006A3048 /* PBXTargetDependency */ = {
			isa = PBXTargetDependency;
			target = FA789FFE2692304A006A3048 /* Bullseye */;
			targetProxy = FA78A067269236DD006A3048 /* PBXContainerItemProxy */;
		};
/* End PBXTargetDependency section */

/* Begin XCBuildConfiguration section */
		FA78A0222692304C006A3048 /* Debug */ = {
			isa = XCBuildConfiguration;
			buildSettings = {
				ALWAYS_SEARCH_USER_PATHS = NO;
				CLANG_ANALYZER_NONNULL = YES;
				CLANG_ANALYZER_NUMBER_OBJECT_CONVERSION = YES_AGGRESSIVE;
				CLANG_CXX_LANGUAGE_STANDARD = "gnu++14";
				CLANG_CXX_LIBRARY = "libc++";
				CLANG_ENABLE_MODULES = YES;
				CLANG_ENABLE_OBJC_ARC = YES;
				CLANG_ENABLE_OBJC_WEAK = YES;
				CLANG_WARN_BLOCK_CAPTURE_AUTORELEASING = YES;
				CLANG_WARN_BOOL_CONVERSION = YES;
				CLANG_WARN_COMMA = YES;
				CLANG_WARN_CONSTANT_CONVERSION = YES;
				CLANG_WARN_DEPRECATED_OBJC_IMPLEMENTATIONS = YES;
				CLANG_WARN_DIRECT_OBJC_ISA_USAGE = YES_ERROR;
				CLANG_WARN_DOCUMENTATION_COMMENTS = YES;
				CLANG_WARN_EMPTY_BODY = YES;
				CLANG_WARN_ENUM_CONVERSION = YES;
				CLANG_WARN_INFINITE_RECURSION = YES;
				CLANG_WARN_INT_CONVERSION = YES;
				CLANG_WARN_NON_LITERAL_NULL_CONVERSION = YES;
				CLANG_WARN_OBJC_IMPLICIT_RETAIN_SELF = YES;
				CLANG_WARN_OBJC_LITERAL_CONVERSION = YES;
				CLANG_WARN_OBJC_ROOT_CLASS = YES_ERROR;
				CLANG_WARN_QUOTED_INCLUDE_IN_FRAMEWORK_HEADER = YES;
				CLANG_WARN_RANGE_LOOP_ANALYSIS = YES;
				CLANG_WARN_STRICT_PROTOTYPES = YES;
				CLANG_WARN_SUSPICIOUS_MOVE = YES;
				CLANG_WARN_UNGUARDED_AVAILABILITY = YES_AGGRESSIVE;
				CLANG_WARN_UNREACHABLE_CODE = YES;
				CLANG_WARN__DUPLICATE_METHOD_MATCH = YES;
				COPY_PHASE_STRIP = NO;
				DEBUG_INFORMATION_FORMAT = dwarf;
				ENABLE_STRICT_OBJC_MSGSEND = YES;
				ENABLE_TESTABILITY = YES;
				GCC_C_LANGUAGE_STANDARD = gnu11;
				GCC_DYNAMIC_NO_PIC = NO;
				GCC_NO_COMMON_BLOCKS = YES;
				GCC_OPTIMIZATION_LEVEL = 0;
				GCC_PREPROCESSOR_DEFINITIONS = (
					"DEBUG=1",
					"$(inherited)",
				);
				GCC_WARN_64_TO_32_BIT_CONVERSION = YES;
				GCC_WARN_ABOUT_RETURN_TYPE = YES_ERROR;
				GCC_WARN_UNDECLARED_SELECTOR = YES;
				GCC_WARN_UNINITIALIZED_AUTOS = YES_AGGRESSIVE;
				GCC_WARN_UNUSED_FUNCTION = YES;
				GCC_WARN_UNUSED_VARIABLE = YES;
				IPHONEOS_DEPLOYMENT_TARGET = 14.0;
				MTL_ENABLE_DEBUG_INFO = INCLUDE_SOURCE;
				MTL_FAST_MATH = YES;
				ONLY_ACTIVE_ARCH = YES;
				SDKROOT = iphoneos;
				SWIFT_ACTIVE_COMPILATION_CONDITIONS = DEBUG;
				SWIFT_OPTIMIZATION_LEVEL = "-Onone";
			};
			name = Debug;
		};
		FA78A0232692304C006A3048 /* Release */ = {
			isa = XCBuildConfiguration;
			buildSettings = {
				ALWAYS_SEARCH_USER_PATHS = NO;
				CLANG_ANALYZER_NONNULL = YES;
				CLANG_ANALYZER_NUMBER_OBJECT_CONVERSION = YES_AGGRESSIVE;
				CLANG_CXX_LANGUAGE_STANDARD = "gnu++14";
				CLANG_CXX_LIBRARY = "libc++";
				CLANG_ENABLE_MODULES = YES;
				CLANG_ENABLE_OBJC_ARC = YES;
				CLANG_ENABLE_OBJC_WEAK = YES;
				CLANG_WARN_BLOCK_CAPTURE_AUTORELEASING = YES;
				CLANG_WARN_BOOL_CONVERSION = YES;
				CLANG_WARN_COMMA = YES;
				CLANG_WARN_CONSTANT_CONVERSION = YES;
				CLANG_WARN_DEPRECATED_OBJC_IMPLEMENTATIONS = YES;
				CLANG_WARN_DIRECT_OBJC_ISA_USAGE = YES_ERROR;
				CLANG_WARN_DOCUMENTATION_COMMENTS = YES;
				CLANG_WARN_EMPTY_BODY = YES;
				CLANG_WARN_ENUM_CONVERSION = YES;
				CLANG_WARN_INFINITE_RECURSION = YES;
				CLANG_WARN_INT_CONVERSION = YES;
				CLANG_WARN_NON_LITERAL_NULL_CONVERSION = YES;
				CLANG_WARN_OBJC_IMPLICIT_RETAIN_SELF = YES;
				CLANG_WARN_OBJC_LITERAL_CONVERSION = YES;
				CLANG_WARN_OBJC_ROOT_CLASS = YES_ERROR;
				CLANG_WARN_QUOTED_INCLUDE_IN_FRAMEWORK_HEADER = YES;
				CLANG_WARN_RANGE_LOOP_ANALYSIS = YES;
				CLANG_WARN_STRICT_PROTOTYPES = YES;
				CLANG_WARN_SUSPICIOUS_MOVE = YES;
				CLANG_WARN_UNGUARDED_AVAILABILITY = YES_AGGRESSIVE;
				CLANG_WARN_UNREACHABLE_CODE = YES;
				CLANG_WARN__DUPLICATE_METHOD_MATCH = YES;
				COPY_PHASE_STRIP = NO;
				DEBUG_INFORMATION_FORMAT = "dwarf-with-dsym";
				ENABLE_NS_ASSERTIONS = NO;
				ENABLE_STRICT_OBJC_MSGSEND = YES;
				GCC_C_LANGUAGE_STANDARD = gnu11;
				GCC_NO_COMMON_BLOCKS = YES;
				GCC_WARN_64_TO_32_BIT_CONVERSION = YES;
				GCC_WARN_ABOUT_RETURN_TYPE = YES_ERROR;
				GCC_WARN_UNDECLARED_SELECTOR = YES;
				GCC_WARN_UNINITIALIZED_AUTOS = YES_AGGRESSIVE;
				GCC_WARN_UNUSED_FUNCTION = YES;
				GCC_WARN_UNUSED_VARIABLE = YES;
				IPHONEOS_DEPLOYMENT_TARGET = 14.0;
				MTL_ENABLE_DEBUG_INFO = NO;
				MTL_FAST_MATH = YES;
				SDKROOT = iphoneos;
				SWIFT_COMPILATION_MODE = wholemodule;
				SWIFT_OPTIMIZATION_LEVEL = "-O";
				VALIDATE_PRODUCT = YES;
			};
			name = Release;
		};
		FA78A0252692304C006A3048 /* Debug */ = {
			isa = XCBuildConfiguration;
			buildSettings = {
				ASSETCATALOG_COMPILER_APPICON_NAME = AppIcon;
				ASSETCATALOG_COMPILER_GLOBAL_ACCENT_COLOR_NAME = AccentColor;
				CODE_SIGN_STYLE = Automatic;
				DEVELOPMENT_ASSET_PATHS = "\"Bullseye/Preview Content\"";
				ENABLE_PREVIEWS = YES;
				INFOPLIST_FILE = Bullseye/App/Info.plist;
				IPHONEOS_DEPLOYMENT_TARGET = 14.0;
				LD_RUNPATH_SEARCH_PATHS = (
					"$(inherited)",
					"@executable_path/Frameworks",
				);
				PRODUCT_BUNDLE_IDENTIFIER = hahahihi.Bullseye;
				PRODUCT_NAME = "$(TARGET_NAME)";
				SWIFT_VERSION = 5.0;
				TARGETED_DEVICE_FAMILY = "1,2";
			};
			name = Debug;
		};
		FA78A0262692304C006A3048 /* Release */ = {
			isa = XCBuildConfiguration;
			buildSettings = {
				ASSETCATALOG_COMPILER_APPICON_NAME = AppIcon;
				ASSETCATALOG_COMPILER_GLOBAL_ACCENT_COLOR_NAME = AccentColor;
				CODE_SIGN_STYLE = Automatic;
				DEVELOPMENT_ASSET_PATHS = "\"Bullseye/Preview Content\"";
				ENABLE_PREVIEWS = YES;
				INFOPLIST_FILE = Bullseye/App/Info.plist;
				IPHONEOS_DEPLOYMENT_TARGET = 14.0;
				LD_RUNPATH_SEARCH_PATHS = (
					"$(inherited)",
					"@executable_path/Frameworks",
				);
				PRODUCT_BUNDLE_IDENTIFIER = hahahihi.Bullseye;
				PRODUCT_NAME = "$(TARGET_NAME)";
				SWIFT_VERSION = 5.0;
				TARGETED_DEVICE_FAMILY = "1,2";
			};
			name = Release;
		};
		FA78A0282692304C006A3048 /* Debug */ = {
			isa = XCBuildConfiguration;
			buildSettings = {
				ALWAYS_EMBED_SWIFT_STANDARD_LIBRARIES = YES;
				BUNDLE_LOADER = "$(TEST_HOST)";
				CODE_SIGN_STYLE = Automatic;
				INFOPLIST_FILE = BullseyeTests/Info.plist;
				IPHONEOS_DEPLOYMENT_TARGET = 14.0;
				LD_RUNPATH_SEARCH_PATHS = (
					"$(inherited)",
					"@executable_path/Frameworks",
					"@loader_path/Frameworks",
				);
				PRODUCT_BUNDLE_IDENTIFIER = hahahihi.BullseyeTests;
				PRODUCT_NAME = "$(TARGET_NAME)";
				SWIFT_VERSION = 5.0;
				TARGETED_DEVICE_FAMILY = "1,2";
				TEST_HOST = "$(BUILT_PRODUCTS_DIR)/Bullseye.app/Bullseye";
			};
			name = Debug;
		};
		FA78A0292692304C006A3048 /* Release */ = {
			isa = XCBuildConfiguration;
			buildSettings = {
				ALWAYS_EMBED_SWIFT_STANDARD_LIBRARIES = YES;
				BUNDLE_LOADER = "$(TEST_HOST)";
				CODE_SIGN_STYLE = Automatic;
				INFOPLIST_FILE = BullseyeTests/Info.plist;
				IPHONEOS_DEPLOYMENT_TARGET = 14.0;
				LD_RUNPATH_SEARCH_PATHS = (
					"$(inherited)",
					"@executable_path/Frameworks",
					"@loader_path/Frameworks",
				);
				PRODUCT_BUNDLE_IDENTIFIER = hahahihi.BullseyeTests;
				PRODUCT_NAME = "$(TARGET_NAME)";
				SWIFT_VERSION = 5.0;
				TARGETED_DEVICE_FAMILY = "1,2";
				TEST_HOST = "$(BUILT_PRODUCTS_DIR)/Bullseye.app/Bullseye";
			};
			name = Release;
		};
		FA78A02B2692304C006A3048 /* Debug */ = {
			isa = XCBuildConfiguration;
			buildSettings = {
				ALWAYS_EMBED_SWIFT_STANDARD_LIBRARIES = YES;
				CODE_SIGN_STYLE = Automatic;
				INFOPLIST_FILE = BullseyeUITests/Info.plist;
				LD_RUNPATH_SEARCH_PATHS = (
					"$(inherited)",
					"@executable_path/Frameworks",
					"@loader_path/Frameworks",
				);
				PRODUCT_BUNDLE_IDENTIFIER = hahahihi.BullseyeUITests;
				PRODUCT_NAME = "$(TARGET_NAME)";
				SWIFT_VERSION = 5.0;
				TARGETED_DEVICE_FAMILY = "1,2";
				TEST_TARGET_NAME = Bullseye;
			};
			name = Debug;
		};
		FA78A02C2692304C006A3048 /* Release */ = {
			isa = XCBuildConfiguration;
			buildSettings = {
				ALWAYS_EMBED_SWIFT_STANDARD_LIBRARIES = YES;
				CODE_SIGN_STYLE = Automatic;
				INFOPLIST_FILE = BullseyeUITests/Info.plist;
				LD_RUNPATH_SEARCH_PATHS = (
					"$(inherited)",
					"@executable_path/Frameworks",
					"@loader_path/Frameworks",
				);
				PRODUCT_BUNDLE_IDENTIFIER = hahahihi.BullseyeUITests;
				PRODUCT_NAME = "$(TARGET_NAME)";
				SWIFT_VERSION = 5.0;
				TARGETED_DEVICE_FAMILY = "1,2";
				TEST_TARGET_NAME = Bullseye;
			};
			name = Release;
		};
		FA78A06A269236DD006A3048 /* Debug */ = {
			isa = XCBuildConfiguration;
			buildSettings = {
				BUNDLE_LOADER = "$(TEST_HOST)";
				CODE_SIGN_STYLE = Automatic;
				INFOPLIST_FILE = BullseyeTests2/Info.plist;
				LD_RUNPATH_SEARCH_PATHS = (
					"$(inherited)",
					"@executable_path/Frameworks",
					"@loader_path/Frameworks",
				);
				PRODUCT_BUNDLE_IDENTIFIER = hahahihi.BullseyeTests2;
				PRODUCT_NAME = "$(TARGET_NAME)";
				SWIFT_VERSION = 5.0;
				TARGETED_DEVICE_FAMILY = "1,2";
				TEST_HOST = "$(BUILT_PRODUCTS_DIR)/Bullseye.app/Bullseye";
			};
			name = Debug;
		};
		FA78A06B269236DD006A3048 /* Release */ = {
			isa = XCBuildConfiguration;
			buildSettings = {
				BUNDLE_LOADER = "$(TEST_HOST)";
				CODE_SIGN_STYLE = Automatic;
				INFOPLIST_FILE = BullseyeTests2/Info.plist;
				LD_RUNPATH_SEARCH_PATHS = (
					"$(inherited)",
					"@executable_path/Frameworks",
					"@loader_path/Frameworks",
				);
				PRODUCT_BUNDLE_IDENTIFIER = hahahihi.BullseyeTests2;
				PRODUCT_NAME = "$(TARGET_NAME)";
				SWIFT_VERSION = 5.0;
				TARGETED_DEVICE_FAMILY = "1,2";
				TEST_HOST = "$(BUILT_PRODUCTS_DIR)/Bullseye.app/Bullseye";
			};
			name = Release;
		};
/* End XCBuildConfiguration section */

/* Begin XCConfigurationList section */
		FA789FFA26923049006A3048 /* Build configuration list for PBXProject "Bullseye" */ = {
			isa = XCConfigurationList;
			buildConfigurations = (
				FA78A0222692304C006A3048 /* Debug */,
				FA78A0232692304C006A3048 /* Release */,
			);
			defaultConfigurationIsVisible = 0;
			defaultConfigurationName = Release;
		};
		FA78A0242692304C006A3048 /* Build configuration list for PBXNativeTarget "Bullseye" */ = {
			isa = XCConfigurationList;
			buildConfigurations = (
				FA78A0252692304C006A3048 /* Debug */,
				FA78A0262692304C006A3048 /* Release */,
			);
			defaultConfigurationIsVisible = 0;
			defaultConfigurationName = Release;
		};
		FA78A0272692304C006A3048 /* Build configuration list for PBXNativeTarget "BullseyeTests" */ = {
			isa = XCConfigurationList;
			buildConfigurations = (
				FA78A0282692304C006A3048 /* Debug */,
				FA78A0292692304C006A3048 /* Release */,
			);
			defaultConfigurationIsVisible = 0;
			defaultConfigurationName = Release;
		};
		FA78A02A2692304C006A3048 /* Build configuration list for PBXNativeTarget "BullseyeUITests" */ = {
			isa = XCConfigurationList;
			buildConfigurations = (
				FA78A02B2692304C006A3048 /* Debug */,
				FA78A02C2692304C006A3048 /* Release */,
			);
			defaultConfigurationIsVisible = 0;
			defaultConfigurationName = Release;
		};
		FA78A069269236DD006A3048 /* Build configuration list for PBXNativeTarget "BullseyeTests2" */ = {
			isa = XCConfigurationList;
			buildConfigurations = (
				FA78A06A269236DD006A3048 /* Debug */,
				FA78A06B269236DD006A3048 /* Release */,
			);
			defaultConfigurationIsVisible = 0;
			defaultConfigurationName = Release;
		};
/* End XCConfigurationList section */
	};
	rootObject = FA789FF726923049006A3048 /* Project object */;
}
